
Microsoft Visual Studio Solution File, Format Version 12.00
# Visual Studio Version 17
VisualStudioVersion = 17.11.35219.272
MinimumVisualStudioVersion = 10.0.40219.1
Project("{9A19103F-16F7-4668-BE54-9A1E7A4F7556}") = "TFTAtHome", "TFTAtHome.csproj", "{DEB18911-A99B-40B8-A2AE-A19AFE7A9278}"
EndProject
Project("{9A19103F-16F7-4668-BE54-9A1E7A4F7556}") = "TFTAtHomeTests", "..\TFTAtHomeTests\TFTAtHomeTests.csproj", "{F6ECF571-8411-4C3A-9E1B-1201FCF8D358}"
EndProject
Global
	GlobalSection(SolutionConfigurationPlatforms) = preSolution
		Debug|Any CPU = Debug|Any CPU
		ExportDebug|Any CPU = ExportDebug|Any CPU
		ExportRelease|Any CPU = ExportRelease|Any CPU
		Release|Any CPU = Release|Any CPU
	EndGlobalSection
	GlobalSection(ProjectConfigurationPlatforms) = postSolution
		{DEB18911-A99B-40B8-A2AE-A19AFE7A9278}.Debug|Any CPU.ActiveCfg = Debug|Any CPU
		{DEB18911-A99B-40B8-A2AE-A19AFE7A9278}.Debug|Any CPU.Build.0 = Debug|Any CPU
		{DEB18911-A99B-40B8-A2AE-A19AFE7A9278}.ExportDebug|Any CPU.ActiveCfg = ExportDebug|Any CPU
		{DEB18911-A99B-40B8-A2AE-A19AFE7A9278}.ExportDebug|Any CPU.Build.0 = ExportDebug|Any CPU
		{DEB18911-A99B-40B8-A2AE-A19AFE7A9278}.ExportRelease|Any CPU.ActiveCfg = ExportRelease|Any CPU
		{DEB18911-A99B-40B8-A2AE-A19AFE7A9278}.ExportRelease|Any CPU.Build.0 = ExportRelease|Any CPU
		{DEB18911-A99B-40B8-A2AE-A19AFE7A9278}.Release|Any CPU.ActiveCfg = ExportRelease|Any CPU
		{DEB18911-A99B-40B8-A2AE-A19AFE7A9278}.Release|Any CPU.Build.0 = ExportRelease|Any CPU
		{F6ECF571-8411-4C3A-9E1B-1201FCF8D358}.Debug|Any CPU.ActiveCfg = Debug|Any CPU
		{F6ECF571-8411-4C3A-9E1B-1201FCF8D358}.Debug|Any CPU.Build.0 = Debug|Any CPU
		{F6ECF571-8411-4C3A-9E1B-1201FCF8D358}.ExportDebug|Any CPU.ActiveCfg = Debug|Any CPU
		{F6ECF571-8411-4C3A-9E1B-1201FCF8D358}.ExportDebug|Any CPU.Build.0 = Debug|Any CPU
		{F6ECF571-8411-4C3A-9E1B-1201FCF8D358}.ExportRelease|Any CPU.ActiveCfg = Release|Any CPU
		{F6ECF571-8411-4C3A-9E1B-1201FCF8D358}.ExportRelease|Any CPU.Build.0 = Release|Any CPU
		{F6ECF571-8411-4C3A-9E1B-1201FCF8D358}.Release|Any CPU.ActiveCfg = Release|Any CPU
		{F6ECF571-8411-4C3A-9E1B-1201FCF8D358}.Release|Any CPU.Build.0 = Release|Any CPU
	EndGlobalSection
	GlobalSection(SolutionProperties) = preSolution
		HideSolutionNode = FALSE
	EndGlobalSection
	GlobalSection(ExtensibilityGlobals) = postSolution
		SolutionGuid = {9FA00964-FE7E-4E89-A0CE-ABD24615C7FB}
	EndGlobalSection
EndGlobal
